// !$*UTF8*$!
{
	archiveVersion = 1;
	classes = {
	};
	objectVersion = 77;
	objects = {

/* Begin PBXBuildFile section */
		BAC854892E760B4E0076DF65 /* AdyenPOSTEST in Frameworks */ = {isa = PBXBuildFile; productRef = BAC854882E760B4E0076DF65 /* AdyenPOSTEST */; };
		BAC8548C2E760CE30076DF65 /* TapToPayManager.swift in Sources */ = {isa = PBXBuildFile; fileRef = BAC8548B2E760CD10076DF65 /* TapToPayManager.swift */; };
		BAC8548F2E760DAD0076DF65 /* TerminalAPIKit in Frameworks */ = {isa = PBXBuildFile; productRef = BAC8548E2E760DAD0076DF65 /* TerminalAPIKit */; };
/* End PBXBuildFile section */

/* Begin PBXContainerItemProxy section */
		BA507F5D2E720D8B00A865BA /* PBXContainerItemProxy */ = {
			isa = PBXContainerItemProxy;
			containerPortal = BA507F472E720D8A00A865BA /* Project object */;
			proxyType = 1;
			remoteGlobalIDString = BA507F4E2E720D8A00A865BA;
			remoteInfo = "Rare Pay";
		};
		BA507F672E720D8B00A865BA /* PBXContainerItemProxy */ = {
			isa = PBXContainerItemProxy;
			containerPortal = BA507F472E720D8A00A865BA /* Project object */;
			proxyType = 1;
			remoteGlobalIDString = BA507F4E2E720D8A00A865BA;
			remoteInfo = "Rare Pay";
		};
/* End PBXContainerItemProxy section */

/* Begin PBXFileReference section */
		BA507F4F2E720D8A00A865BA /* Rare Pay.app */ = {isa = PBXFileReference; explicitFileType = wrapper.application; includeInIndex = 0; path = "Rare Pay.app"; sourceTree = BUILT_PRODUCTS_DIR; };
		BA507F5C2E720D8B00A865BA /* Rare PayTests.xctest */ = {isa = PBXFileReference; explicitFileType = wrapper.cfbundle; includeInIndex = 0; path = "Rare PayTests.xctest"; sourceTree = BUILT_PRODUCTS_DIR; };
		BA507F662E720D8B00A865BA /* Rare PayUITests.xctest */ = {isa = PBXFileReference; explicitFileType = wrapper.cfbundle; includeInIndex = 0; path = "Rare PayUITests.xctest"; sourceTree = BUILT_PRODUCTS_DIR; };
		BAC8548B2E760CD10076DF65 /* TapToPayManager.swift */ = {isa = PBXFileReference; lastKnownFileType = sourcecode.swift; path = TapToPayManager.swift; sourceTree = "<group>"; };
/* End PBXFileReference section */

/* Begin PBXFileSystemSynchronizedRootGroup section */
		BA507F512E720D8A00A865BA /* Rare Pay */ = {
			isa = PBXFileSystemSynchronizedRootGroup;
			path = "Rare Pay";
			sourceTree = "<group>";
		};
		BA507F5F2E720D8B00A865BA /* Rare PayTests */ = {
			isa = PBXFileSystemSynchronizedRootGroup;
			path = "Rare PayTests";
			sourceTree = "<group>";
		};
		BA507F692E720D8B00A865BA /* Rare PayUITests */ = {
			isa = PBXFileSystemSynchronizedRootGroup;
			path = "Rare PayUITests";
			sourceTree = "<group>";
		};
/* End PBXFileSystemSynchronizedRootGroup section */

/* Begin PBXFrameworksBuildPhase section */
		BA507F4C2E720D8A00A865BA /* Frameworks */ = {
			isa = PBXFrameworksBuildPhase;
			buildActionMask = 2147483647;
			files = (
				BAC8548F2E760DAD0076DF65 /* TerminalAPIKit in Frameworks */,
				BAC854892E760B4E0076DF65 /* AdyenPOSTEST in Frameworks */,
			);
			runOnlyForDeploymentPostprocessing = 0;
		};
		BA507F592E720D8B00A865BA /* Frameworks */ = {
			isa = PBXFrameworksBuildPhase;
			buildActionMask = 2147483647;
			files = (
			);
			runOnlyForDeploymentPostprocessing = 0;
		};
		BA507F632E720D8B00A865BA /* Frameworks */ = {
			isa = PBXFrameworksBuildPhase;
			buildActionMask = 2147483647;
			files = (
			);
			runOnlyForDeploymentPostprocessing = 0;
		};
/* End PBXFrameworksBuildPhase section */

/* Begin PBXGroup section */
		BA507F462E720D8A00A865BA = {
			isa = PBXGroup;
			children = (
				BAC8548B2E760CD10076DF65 /* TapToPayManager.swift */,
				BA507F512E720D8A00A865BA /* Rare Pay */,
				BA507F5F2E720D8B00A865BA /* Rare PayTests */,
				BA507F692E720D8B00A865BA /* Rare PayUITests */,
				BA507F502E720D8A00A865BA /* Products */,
			);
			sourceTree = "<group>";
		};
		BA507F502E720D8A00A865BA /* Products */ = {
			isa = PBXGroup;
			children = (
				BA507F4F2E720D8A00A865BA /* Rare Pay.app */,
				BA507F5C2E720D8B00A865BA /* Rare PayTests.xctest */,
				BA507F662E720D8B00A865BA /* Rare PayUITests.xctest */,
			);
			name = Products;
			sourceTree = "<group>";
		};
/* End PBXGroup section */

/* Begin PBXNativeTarget section */
		BA507F4E2E720D8A00A865BA /* Rare Pay */ = {
			isa = PBXNativeTarget;
			buildConfigurationList = BA507F702E720D8B00A865BA /* Build configuration list for PBXNativeTarget "Rare Pay" */;
			buildPhases = (
				BA507F4B2E720D8A00A865BA /* Sources */,
				BA507F4C2E720D8A00A865BA /* Frameworks */,
				BA507F4D2E720D8A00A865BA /* Resources */,
			);
			buildRules = (
			);
			dependencies = (
			);
			fileSystemSynchronizedGroups = (
				BA507F512E720D8A00A865BA /* Rare Pay */,
			);
			name = "Rare Pay";
			packageProductDependencies = (
				BAC854882E760B4E0076DF65 /* AdyenPOSTEST */,
				BAC8548E2E760DAD0076DF65 /* TerminalAPIKit */,
			);
			productName = "Rare Pay";
			productReference = BA507F4F2E720D8A00A865BA /* Rare Pay.app */;
			productType = "com.apple.product-type.application";
		};
		BA507F5B2E720D8B00A865BA /* Rare PayTests */ = {
			isa = PBXNativeTarget;
			buildConfigurationList = BA507F732E720D8B00A865BA /* Build configuration list for PBXNativeTarget "Rare PayTests" */;
			buildPhases = (
				BA507F582E720D8B00A865BA /* Sources */,
				BA507F592E720D8B00A865BA /* Frameworks */,
				BA507F5A2E720D8B00A865BA /* Resources */,
			);
			buildRules = (
			);
			dependencies = (
				BA507F5E2E720D8B00A865BA /* PBXTargetDependency */,
			);
			fileSystemSynchronizedGroups = (
				BA507F5F2E720D8B00A865BA /* Rare PayTests */,
			);
			name = "Rare PayTests";
			packageProductDependencies = (
			);
			productName = "Rare PayTests";
			productReference = BA507F5C2E720D8B00A865BA /* Rare PayTests.xctest */;
			productType = "com.apple.product-type.bundle.unit-test";
		};
		BA507F652E720D8B00A865BA /* Rare PayUITests */ = {
			isa = PBXNativeTarget;
			buildConfigurationList = BA507F762E720D8B00A865BA /* Build configuration list for PBXNativeTarget "Rare PayUITests" */;
			buildPhases = (
				BA507F622E720D8B00A865BA /* Sources */,
				BA507F632E720D8B00A865BA /* Frameworks */,
				BA507F642E720D8B00A865BA /* Resources */,
			);
			buildRules = (
			);
			dependencies = (
				BA507F682E720D8B00A865BA /* PBXTargetDependency */,
			);
			fileSystemSynchronizedGroups = (
				BA507F692E720D8B00A865BA /* Rare PayUITests */,
			);
			name = "Rare PayUITests";
			packageProductDependencies = (
			);
			productName = "Rare PayUITests";
			productReference = BA507F662E720D8B00A865BA /* Rare PayUITests.xctest */;
			productType = "com.apple.product-type.bundle.ui-testing";
		};
/* End PBXNativeTarget section */

/* Begin PBXProject section */
		BA507F472E720D8A00A865BA /* Project object */ = {
			isa = PBXProject;
			attributes = {
				BuildIndependentTargetsInParallel = 1;
				LastSwiftUpdateCheck = 1640;
				LastUpgradeCheck = 1640;
				TargetAttributes = {
					BA507F4E2E720D8A00A865BA = {
						CreatedOnToolsVersion = 16.4;
					};
					BA507F5B2E720D8B00A865BA = {
						CreatedOnToolsVersion = 16.4;
						TestTargetID = BA507F4E2E720D8A00A865BA;
					};
					BA507F652E720D8B00A865BA = {
						CreatedOnToolsVersion = 16.4;
						TestTargetID = BA507F4E2E720D8A00A865BA;
					};
				};
			};
			buildConfigurationList = BA507F4A2E720D8A00A865BA /* Build configuration list for PBXProject "Rare Pay" */;
			developmentRegion = en;
			hasScannedForEncodings = 0;
			knownRegions = (
				en,
				Base,
			);
			mainGroup = BA507F462E720D8A00A865BA;
			minimizedProjectReferenceProxies = 1;
			packageReferences = (
				BAC854872E760B4E0076DF65 /* XCRemoteSwiftPackageReference "adyen-pos-mobile-ios-test" */,
				BAC8548D2E760DAD0076DF65 /* XCRemoteSwiftPackageReference "adyen-terminal-api-ios" */,
			);
			preferredProjectObjectVersion = 77;
			productRefGroup = BA507F502E720D8A00A865BA /* Products */;
			projectDirPath = "";
			projectRoot = "";
			targets = (
				BA507F4E2E720D8A00A865BA /* Rare Pay */,
				BA507F5B2E720D8B00A865BA /* Rare PayTests */,
				BA507F652E720D8B00A865BA /* Rare PayUITests */,
			);
		};
/* End PBXProject section */

/* Begin PBXResourcesBuildPhase section */
		BA507F4D2E720D8A00A865BA /* Resources */ = {
			isa = PBXResourcesBuildPhase;
			buildActionMask = 2147483647;
			files = (
			);
			runOnlyForDeploymentPostprocessing = 0;
		};
		BA507F5A2E720D8B00A865BA /* Resources */ = {
			isa = PBXResourcesBuildPhase;
			buildActionMask = 2147483647;
			files = (
			);
			runOnlyForDeploymentPostprocessing = 0;
		};
		BA507F642E720D8B00A865BA /* Resources */ = {
			isa = PBXResourcesBuildPhase;
			buildActionMask = 2147483647;
			files = (
			);
			runOnlyForDeploymentPostprocessing = 0;
		};
/* End PBXResourcesBuildPhase section */

/* Begin PBXSourcesBuildPhase section */
		BA507F4B2E720D8A00A865BA /* Sources */ = {
			isa = PBXSourcesBuildPhase;
			buildActionMask = 2147483647;
			files = (
				BAC8548C2E760CE30076DF65 /* TapToPayManager.swift in Sources */,
			);
			runOnlyForDeploymentPostprocessing = 0;
		};
		BA507F582E720D8B00A865BA /* Sources */ = {
			isa = PBXSourcesBuildPhase;
			buildActionMask = 2147483647;
			files = (
			);
			runOnlyForDeploymentPostprocessing = 0;
		};
		BA507F622E720D8B00A865BA /* Sources */ = {
			isa = PBXSourcesBuildPhase;
			buildActionMask = 2147483647;
			files = (
			);
			runOnlyForDeploymentPostprocessing = 0;
		};
/* End PBXSourcesBuildPhase section */

/* Begin PBXTargetDependency section */
		BA507F5E2E720D8B00A865BA /* PBXTargetDependency */ = {
			isa = PBXTargetDependency;
			target = BA507F4E2E720D8A00A865BA /* Rare Pay */;
			targetProxy = BA507F5D2E720D8B00A865BA /* PBXContainerItemProxy */;
		};
		BA507F682E720D8B00A865BA /* PBXTargetDependency */ = {
			isa = PBXTargetDependency;
			target = BA507F4E2E720D8A00A865BA /* Rare Pay */;
			targetProxy = BA507F672E720D8B00A865BA /* PBXContainerItemProxy */;
		};
/* End PBXTargetDependency section */

/* Begin XCBuildConfiguration section */
		BA507F6E2E720D8B00A865BA /* Debug */ = {
			isa = XCBuildConfiguration;
			buildSettings = {
				ALWAYS_SEARCH_USER_PATHS = NO;
				ASSETCATALOG_COMPILER_GENERATE_SWIFT_ASSET_SYMBOL_EXTENSIONS = YES;
				CLANG_ANALYZER_NONNULL = YES;
				CLANG_ANALYZER_NUMBER_OBJECT_CONVERSION = YES_AGGRESSIVE;
				CLANG_CXX_LANGUAGE_STANDARD = "gnu++20";
				CLANG_ENABLE_MODULES = YES;
				CLANG_ENABLE_OBJC_ARC = YES;
				CLANG_ENABLE_OBJC_WEAK = YES;
				CLANG_WARN_BLOCK_CAPTURE_AUTORELEASING = YES;
				CLANG_WARN_BOOL_CONVERSION = YES;
				CLANG_WARN_COMMA = YES;
				CLANG_WARN_CONSTANT_CONVERSION = YES;
				CLANG_WARN_DEPRECATED_OBJC_IMPLEMENTATIONS = YES;
				CLANG_WARN_DIRECT_OBJC_ISA_USAGE = YES_ERROR;
				CLANG_WARN_DOCUMENTATION_COMMENTS = YES;
				CLANG_WARN_EMPTY_BODY = YES;
				CLANG_WARN_ENUM_CONVERSION = YES;
				CLANG_WARN_INFINITE_RECURSION = YES;
				CLANG_WARN_INT_CONVERSION = YES;
				CLANG_WARN_NON_LITERAL_NULL_CONVERSION = YES;
				CLANG_WARN_OBJC_IMPLICIT_RETAIN_SELF = YES;
				CLANG_WARN_OBJC_LITERAL_CONVERSION = YES;
				CLANG_WARN_OBJC_ROOT_CLASS = YES_ERROR;
				CLANG_WARN_QUOTED_INCLUDE_IN_FRAMEWORK_HEADER = YES;
				CLANG_WARN_RANGE_LOOP_ANALYSIS = YES;
				CLANG_WARN_STRICT_PROTOTYPES = YES;
				CLANG_WARN_SUSPICIOUS_MOVE = YES;
				CLANG_WARN_UNGUARDED_AVAILABILITY = YES_AGGRESSIVE;
				CLANG_WARN_UNREACHABLE_CODE = YES;
				CLANG_WARN__DUPLICATE_METHOD_MATCH = YES;
				COPY_PHASE_STRIP = NO;
				DEBUG_INFORMATION_FORMAT = dwarf;
				DEVELOPMENT_TEAM = QQMNJN675U;
				ENABLE_STRICT_OBJC_MSGSEND = YES;
				ENABLE_TESTABILITY = YES;
				ENABLE_USER_SCRIPT_SANDBOXING = YES;
				GCC_C_LANGUAGE_STANDARD = gnu17;
				GCC_DYNAMIC_NO_PIC = NO;
				GCC_NO_COMMON_BLOCKS = YES;
				GCC_OPTIMIZATION_LEVEL = 0;
				GCC_PREPROCESSOR_DEFINITIONS = (
					"DEBUG=1",
					"$(inherited)",
				);
				GCC_WARN_64_TO_32_BIT_CONVERSION = YES;
				GCC_WARN_ABOUT_RETURN_TYPE = YES_ERROR;
				GCC_WARN_UNDECLARED_SELECTOR = YES;
				GCC_WARN_UNINITIALIZED_AUTOS = YES_AGGRESSIVE;
				GCC_WARN_UNUSED_FUNCTION = YES;
				GCC_WARN_UNUSED_VARIABLE = YES;
				IPHONEOS_DEPLOYMENT_TARGET = 18.5;
				LOCALIZATION_PREFERS_STRING_CATALOGS = YES;
				MTL_ENABLE_DEBUG_INFO = INCLUDE_SOURCE;
				MTL_FAST_MATH = YES;
				ONLY_ACTIVE_ARCH = YES;
				SDKROOT = iphoneos;
				SWIFT_ACTIVE_COMPILATION_CONDITIONS = "DEBUG $(inherited)";
				SWIFT_OPTIMIZATION_LEVEL = "-Onone";
			};
			name = Debug;
		};
		BA507F6F2E720D8B00A865BA /* Release */ = {
			isa = XCBuildConfiguration;
			buildSettings = {
				ALWAYS_SEARCH_USER_PATHS = NO;
				ASSETCATALOG_COMPILER_GENERATE_SWIFT_ASSET_SYMBOL_EXTENSIONS = YES;
				CLANG_ANALYZER_NONNULL = YES;
				CLANG_ANALYZER_NUMBER_OBJECT_CONVERSION = YES_AGGRESSIVE;
				CLANG_CXX_LANGUAGE_STANDARD = "gnu++20";
				CLANG_ENABLE_MODULES = YES;
				CLANG_ENABLE_OBJC_ARC = YES;
				CLANG_ENABLE_OBJC_WEAK = YES;
				CLANG_WARN_BLOCK_CAPTURE_AUTORELEASING = YES;
				CLANG_WARN_BOOL_CONVERSION = YES;
				CLANG_WARN_COMMA = YES;
				CLANG_WARN_CONSTANT_CONVERSION = YES;
				CLANG_WARN_DEPRECATED_OBJC_IMPLEMENTATIONS = YES;
				CLANG_WARN_DIRECT_OBJC_ISA_USAGE = YES_ERROR;
				CLANG_WARN_DOCUMENTATION_COMMENTS = YES;
				CLANG_WARN_EMPTY_BODY = YES;
				CLANG_WARN_ENUM_CONVERSION = YES;
				CLANG_WARN_INFINITE_RECURSION = YES;
				CLANG_WARN_INT_CONVERSION = YES;
				CLANG_WARN_NON_LITERAL_NULL_CONVERSION = YES;
				CLANG_WARN_OBJC_IMPLICIT_RETAIN_SELF = YES;
				CLANG_WARN_OBJC_LITERAL_CONVERSION = YES;
				CLANG_WARN_OBJC_ROOT_CLASS = YES_ERROR;
				CLANG_WARN_QUOTED_INCLUDE_IN_FRAMEWORK_HEADER = YES;
				CLANG_WARN_RANGE_LOOP_ANALYSIS = YES;
				CLANG_WARN_STRICT_PROTOTYPES = YES;
				CLANG_WARN_SUSPICIOUS_MOVE = YES;
				CLANG_WARN_UNGUARDED_AVAILABILITY = YES_AGGRESSIVE;
				CLANG_WARN_UNREACHABLE_CODE = YES;
				CLANG_WARN__DUPLICATE_METHOD_MATCH = YES;
				COPY_PHASE_STRIP = NO;
				DEBUG_INFORMATION_FORMAT = "dwarf-with-dsym";
				DEVELOPMENT_TEAM = QQMNJN675U;
				ENABLE_NS_ASSERTIONS = NO;
				ENABLE_STRICT_OBJC_MSGSEND = YES;
				ENABLE_USER_SCRIPT_SANDBOXING = YES;
				GCC_C_LANGUAGE_STANDARD = gnu17;
				GCC_NO_COMMON_BLOCKS = YES;
				GCC_WARN_64_TO_32_BIT_CONVERSION = YES;
				GCC_WARN_ABOUT_RETURN_TYPE = YES_ERROR;
				GCC_WARN_UNDECLARED_SELECTOR = YES;
				GCC_WARN_UNINITIALIZED_AUTOS = YES_AGGRESSIVE;
				GCC_WARN_UNUSED_FUNCTION = YES;
				GCC_WARN_UNUSED_VARIABLE = YES;
				IPHONEOS_DEPLOYMENT_TARGET = 18.5;
				LOCALIZATION_PREFERS_STRING_CATALOGS = YES;
				MTL_ENABLE_DEBUG_INFO = NO;
				MTL_FAST_MATH = YES;
				SDKROOT = iphoneos;
				SWIFT_COMPILATION_MODE = wholemodule;
				VALIDATE_PRODUCT = YES;
			};
			name = Release;
		};
		BA507F712E720D8B00A865BA /* Debug */ = {
			isa = XCBuildConfiguration;
			buildSettings = {
				ASSETCATALOG_COMPILER_APPICON_NAME = AppIcon;
				ASSETCATALOG_COMPILER_GLOBAL_ACCENT_COLOR_NAME = AccentColor;
				ASSETCATALOG_COMPILER_INCLUDE_ALL_APPICON_ASSETS = NO;
				CODE_SIGN_ENTITLEMENTS = "Rare Pay/Rare Pay.entitlements";
				CODE_SIGN_STYLE = Automatic;
				CURRENT_PROJECT_VERSION = 1;
				DEVELOPMENT_TEAM = QQMNJN675U;
				ENABLE_PREVIEWS = YES;
				GENERATE_INFOPLIST_FILE = YES;
				INFOPLIST_FILE = "Rare-Pay-Info.plist";
				INFOPLIST_KEY_CFBundleDisplayName = "Rare Pay";
				INFOPLIST_KEY_NSLocalNetworkUsageDescription = "This app needs to connect to our server on your local network to process payments.";
				INFOPLIST_KEY_UIApplicationSceneManifest_Generation = YES;
				INFOPLIST_KEY_UIApplicationSupportsIndirectInputEvents = YES;
				INFOPLIST_KEY_UILaunchScreen_Generation = YES;
				INFOPLIST_KEY_UISupportedInterfaceOrientations_iPad = "UIInterfaceOrientationPortrait UIInterfaceOrientationPortraitUpsideDown UIInterfaceOrientationLandscapeLeft UIInterfaceOrientationLandscapeRight";
				INFOPLIST_KEY_UISupportedInterfaceOrientations_iPhone = "UIInterfaceOrientationPortrait UIInterfaceOrientationLandscapeLeft UIInterfaceOrientationLandscapeRight";
				LD_RUNPATH_SEARCH_PATHS = (
					"$(inherited)",
					"@executable_path/Frameworks",
				);
				MARKETING_VERSION = 1.0;
				PRODUCT_BUNDLE_IDENTIFIER = ae.therare.payments.dev.relink1;
				PRODUCT_NAME = "$(TARGET_NAME)";
				SWIFT_EMIT_LOC_STRINGS = YES;
				SWIFT_VERSION = 5.0;
				TARGETED_DEVICE_FAMILY = "1,2";
			};
			name = Debug;
		};
		BA507F722E720D8B00A865BA /* Release */ = {
			isa = XCBuildConfiguration;
			buildSettings = {
				ASSETCATALOG_COMPILER_APPICON_NAME = AppIcon;
				ASSETCATALOG_COMPILER_GLOBAL_ACCENT_COLOR_NAME = AccentColor;
				ASSETCATALOG_COMPILER_INCLUDE_ALL_APPICON_ASSETS = NO;
				CODE_SIGN_ENTITLEMENTS = "Rare Pay/Rare Pay.entitlements";
				CODE_SIGN_STYLE = Automatic;
				CURRENT_PROJECT_VERSION = 1;
				DEVELOPMENT_TEAM = QQMNJN675U;
				ENABLE_PREVIEWS = YES;
				GENERATE_INFOPLIST_FILE = YES;
				INFOPLIST_FILE = "Rare-Pay-Info.plist";
				INFOPLIST_KEY_CFBundleDisplayName = "Rare Pay";
				INFOPLIST_KEY_NSLocalNetworkUsageDescription = "This app needs to connect to our server on your local network to process payments.";
				INFOPLIST_KEY_UIApplicationSceneManifest_Generation = YES;
				INFOPLIST_KEY_UIApplicationSupportsIndirectInputEvents = YES;
				INFOPLIST_KEY_UILaunchScreen_Generation = YES;
				INFOPLIST_KEY_UISupportedInterfaceOrientations_iPad = "UIInterfaceOrientationPortrait UIInterfaceOrientationPortraitUpsideDown UIInterfaceOrientationLandscapeLeft UIInterfaceOrientationLandscapeRight";
				INFOPLIST_KEY_UISupportedInterfaceOrientations_iPhone = "UIInterfaceOrientationPortrait UIInterfaceOrientationLandscapeLeft UIInterfaceOrientationLandscapeRight";
				LD_RUNPATH_SEARCH_PATHS = (
					"$(inherited)",
					"@executable_path/Frameworks",
				);
				MARKETING_VERSION = 1.0;
				PRODUCT_BUNDLE_IDENTIFIER = ae.therare.payments.dev.relink1;
				PRODUCT_NAME = "$(TARGET_NAME)";
				SWIFT_EMIT_LOC_STRINGS = YES;
				SWIFT_VERSION = 5.0;
				TARGETED_DEVICE_FAMILY = "1,2";
			};
			name = Release;
		};
		BA507F742E720D8B00A865BA /* Debug */ = {
			isa = XCBuildConfiguration;
			buildSettings = {
				BUNDLE_LOADER = "$(TEST_HOST)";
				CODE_SIGN_STYLE = Automatic;
				CURRENT_PROJECT_VERSION = 1;
				DEVELOPMENT_TEAM = QQMNJN675U;
				GENERATE_INFOPLIST_FILE = YES;
				IPHONEOS_DEPLOYMENT_TARGET = 18.5;
				MARKETING_VERSION = 1.0;
				PRODUCT_BUNDLE_IDENTIFIER = "ae.therare.Rare-PayTests";
				PRODUCT_NAME = "$(TARGET_NAME)";
				SWIFT_EMIT_LOC_STRINGS = NO;
				SWIFT_VERSION = 5.0;
				TARGETED_DEVICE_FAMILY = "1,2";
				TEST_HOST = "$(BUILT_PRODUCTS_DIR)/Rare Pay.app/$(BUNDLE_EXECUTABLE_FOLDER_PATH)/Rare Pay";
			};
			name = Debug;
		};
		BA507F752E720D8B00A865BA /* Release */ = {
			isa = XCBuildConfiguration;
			buildSettings = {
				BUNDLE_LOADER = "$(TEST_HOST)";
				CODE_SIGN_STYLE = Automatic;
				CURRENT_PROJECT_VERSION = 1;
				DEVELOPMENT_TEAM = QQMNJN675U;
				GENERATE_INFOPLIST_FILE = YES;
				IPHONEOS_DEPLOYMENT_TARGET = 18.5;
				MARKETING_VERSION = 1.0;
				PRODUCT_BUNDLE_IDENTIFIER = "ae.therare.Rare-PayTests";
				PRODUCT_NAME = "$(TARGET_NAME)";
				SWIFT_EMIT_LOC_STRINGS = NO;
				SWIFT_VERSION = 5.0;
				TARGETED_DEVICE_FAMILY = "1,2";
				TEST_HOST = "$(BUILT_PRODUCTS_DIR)/Rare Pay.app/$(BUNDLE_EXECUTABLE_FOLDER_PATH)/Rare Pay";
			};
			name = Release;
		};
		BA507F772E720D8B00A865BA /* Debug */ = {
			isa = XCBuildConfiguration;
			buildSettings = {
				CODE_SIGN_STYLE = Automatic;
				CURRENT_PROJECT_VERSION = 1;
				DEVELOPMENT_TEAM = QQMNJN675U;
				GENERATE_INFOPLIST_FILE = YES;
				MARKETING_VERSION = 1.0;
				PRODUCT_BUNDLE_IDENTIFIER = "ae.therare.Rare-PayUITests";
				PRODUCT_NAME = "$(TARGET_NAME)";
				SWIFT_EMIT_LOC_STRINGS = NO;
				SWIFT_VERSION = 5.0;
				TARGETED_DEVICE_FAMILY = "1,2";
				TEST_TARGET_NAME = "Rare Pay";
			};
			name = Debug;
		};
		BA507F782E720D8B00A865BA /* Release */ = {
			isa = XCBuildConfiguration;
			buildSettings = {
				CODE_SIGN_STYLE = Automatic;
				CURRENT_PROJECT_VERSION = 1;
				DEVELOPMENT_TEAM = QQMNJN675U;
				GENERATE_INFOPLIST_FILE = YES;
				MARKETING_VERSION = 1.0;
				PRODUCT_BUNDLE_IDENTIFIER = "ae.therare.Rare-PayUITests";
				PRODUCT_NAME = "$(TARGET_NAME)";
				SWIFT_EMIT_LOC_STRINGS = NO;
				SWIFT_VERSION = 5.0;
				TARGETED_DEVICE_FAMILY = "1,2";
				TEST_TARGET_NAME = "Rare Pay";
			};
			name = Release;
		};
/* End XCBuildConfiguration section */

/* Begin XCConfigurationList section */
		BA507F4A2E720D8A00A865BA /* Build configuration list for PBXProject "Rare Pay" */ = {
			isa = XCConfigurationList;
			buildConfigurations = (
				BA507F6E2E720D8B00A865BA /* Debug */,
				BA507F6F2E720D8B00A865BA /* Release */,
			);
			defaultConfigurationIsVisible = 0;
			defaultConfigurationName = Release;
		};
		BA507F702E720D8B00A865BA /* Build configuration list for PBXNativeTarget "Rare Pay" */ = {
			isa = XCConfigurationList;
			buildConfigurations = (
				BA507F712E720D8B00A865BA /* Debug */,
				BA507F722E720D8B00A865BA /* Release */,
			);
			defaultConfigurationIsVisible = 0;
			defaultConfigurationName = Release;
		};
		BA507F732E720D8B00A865BA /* Build configuration list for PBXNativeTarget "Rare PayTests" */ = {
			isa = XCConfigurationList;
			buildConfigurations = (
				BA507F742E720D8B00A865BA /* Debug */,
				BA507F752E720D8B00A865BA /* Release */,
			);
			defaultConfigurationIsVisible = 0;
			defaultConfigurationName = Release;
		};
		BA507F762E720D8B00A865BA /* Build configuration list for PBXNativeTarget "Rare PayUITests" */ = {
			isa = XCConfigurationList;
			buildConfigurations = (
				BA507F772E720D8B00A865BA /* Debug */,
				BA507F782E720D8B00A865BA /* Release */,
			);
			defaultConfigurationIsVisible = 0;
			defaultConfigurationName = Release;
		};
/* End XCConfigurationList section */

/* Begin XCRemoteSwiftPackageReference section */
		BAC854872E760B4E0076DF65 /* XCRemoteSwiftPackageReference "adyen-pos-mobile-ios-test" */ = {
			isa = XCRemoteSwiftPackageReference;
			repositoryURL = "https://github.com/Adyen/adyen-pos-mobile-ios-test";
			requirement = {
				branch = main;
				kind = branch;
			};
		};
		BAC8548D2E760DAD0076DF65 /* XCRemoteSwiftPackageReference "adyen-terminal-api-ios" */ = {
			isa = XCRemoteSwiftPackageReference;
			repositoryURL = "https://github.com/Adyen/adyen-terminal-api-ios";
			requirement = {
				kind = upToNextMajorVersion;
				minimumVersion = 2.0.0;
			};
		};
/* End XCRemoteSwiftPackageReference section */

/* Begin XCSwiftPackageProductDependency section */
		BAC854882E760B4E0076DF65 /* AdyenPOSTEST */ = {
			isa = XCSwiftPackageProductDependency;
			package = BAC854872E760B4E0076DF65 /* XCRemoteSwiftPackageReference "adyen-pos-mobile-ios-test" */;
			productName = AdyenPOSTEST;
		};
		BAC8548E2E760DAD0076DF65 /* TerminalAPIKit */ = {
			isa = XCSwiftPackageProductDependency;
			package = BAC8548D2E760DAD0076DF65 /* XCRemoteSwiftPackageReference "adyen-terminal-api-ios" */;
			productName = TerminalAPIKit;
		};
/* End XCSwiftPackageProductDependency section */
	};
	rootObject = BA507F472E720D8A00A865BA /* Project object */;
}
